
Microsoft Visual Studio Solution File, Format Version 12.00
# Visual Studio Version 17
VisualStudioVersion = 17.8.34330.188
MinimumVisualStudioVersion = 10.0.40219.1
Project("{FAE04EC0-301F-11D3-BF4B-00C04F79EFBC}") = "FarbeWort", "FarbeWort\FarbeWort.csproj", "{647156FB-F65C-4C2C-A37C-F5474D449DD5}"
EndProject
Global
	GlobalSection(SolutionConfigurationPlatforms) = preSolution
		Debug|Any CPU = Debug|Any CPU
		Release|Any CPU = Release|Any CPU
	EndGlobalSection
	GlobalSection(ProjectConfigurationPlatforms) = postSolution
		{647156FB-F65C-4C2C-A37C-F5474D449DD5}.Debug|Any CPU.ActiveCfg = Debug|Any CPU
		{647156FB-F65C-4C2C-A37C-F5474D449DD5}.Debug|Any CPU.Build.0 = Debug|Any CPU
		{647156FB-F65C-4C2C-A37C-F5474D449DD5}.Release|Any CPU.ActiveCfg = Release|Any CPU
		{647156FB-F65C-4C2C-A37C-F5474D449DD5}.Release|Any CPU.Build.0 = Release|Any CPU
	EndGlobalSection
	GlobalSection(SolutionProperties) = preSolution
		HideSolutionNode = FALSE
	EndGlobalSection
	GlobalSection(ExtensibilityGlobals) = postSolution
		SolutionGuid = {7F6F213D-3932-4609-9584-F3E1B4A19034}
	EndGlobalSection
EndGlobal
